
Microsoft Visual Studio Solution File, Format Version 12.00
# Visual Studio Version 17
VisualStudioVersion = 17.7.34024.191
MinimumVisualStudioVersion = 10.0.40219.1
Project("{FAE04EC0-301F-11D3-BF4B-00C04F79EFBC}") = "Upitarea1progra2", "Upitarea1progra2\Upitarea1progra2.csproj", "{B80EC1B7-AA8B-4485-A919-FD0A420EE977}"
EndProject
Global
	GlobalSection(SolutionConfigurationPlatforms) = preSolution
		Debug|Any CPU = Debug|Any CPU
		Release|Any CPU = Release|Any CPU
	EndGlobalSection
	GlobalSection(ProjectConfigurationPlatforms) = postSolution
		{B80EC1B7-AA8B-4485-A919-FD0A420EE977}.Debug|Any CPU.ActiveCfg = Debug|Any CPU
		{B80EC1B7-AA8B-4485-A919-FD0A420EE977}.Debug|Any CPU.Build.0 = Debug|Any CPU
		{B80EC1B7-AA8B-4485-A919-FD0A420EE977}.Release|Any CPU.ActiveCfg = Release|Any CPU
		{B80EC1B7-AA8B-4485-A919-FD0A420EE977}.Release|Any CPU.Build.0 = Release|Any CPU
	EndGlobalSection
	GlobalSection(SolutionProperties) = preSolution
		HideSolutionNode = FALSE
	EndGlobalSection
	GlobalSection(ExtensibilityGlobals) = postSolution
		SolutionGuid = {3DEAFDFD-8C10-45FF-A6B4-E44D08648E34}
	EndGlobalSection
EndGlobal
